
Microsoft Visual Studio Solution File, Format Version 12.00
# Visual Studio 14
VisualStudioVersion = 14.0.23027.0
MinimumVisualStudioVersion = 10.0.40219.1
Project("{2150E333-8FDC-42A3-9474-1A3956D46DE8}") = "src", "src", "{058486DA-7B73-4522-B13F-EA0D14F8ED95}"
EndProject
Project("{2150E333-8FDC-42A3-9474-1A3956D46DE8}") = "test", "test", "{7B6AC3D3-F6F5-48A9-97A5-14D16C110301}"
EndProject
Project("{2150E333-8FDC-42A3-9474-1A3956D46DE8}") = "Solution Items", "Solution Items", "{E53F8046-A132-4D32-838D-D0716AD25964}"
	ProjectSection(SolutionItems) = preProject
		Common.props = Common.props
	EndProjectSection
EndProject
Project("{8BC9CEB8-8B4A-11D0-8D11-00A0C91BC942}") = "unconstrained", "src\unconstrained\unconstrained.vcxproj", "{DFC7AD75-E109-4A99-B554-3665702F3609}"
EndProject
Project("{8BC9CEB8-8B4A-11D0-8D11-00A0C91BC942}") = "unconstrained.tests", "test\unconstrained.tests\unconstrained.tests.vcxproj", "{40167E9C-C64D-4A68-B814-795611F8ED2D}"
EndProject
Global
	GlobalSection(SolutionConfigurationPlatforms) = preSolution
		Debug|x64 = Debug|x64
		Debug|x86 = Debug|x86
		Release|x64 = Release|x64
		Release|x86 = Release|x86
	EndGlobalSection
	GlobalSection(ProjectConfigurationPlatforms) = postSolution
		{DFC7AD75-E109-4A99-B554-3665702F3609}.Debug|x64.ActiveCfg = Debug|x64
		{DFC7AD75-E109-4A99-B554-3665702F3609}.Debug|x64.Build.0 = Debug|x64
		{DFC7AD75-E109-4A99-B554-3665702F3609}.Debug|x86.ActiveCfg = Debug|Win32
		{DFC7AD75-E109-4A99-B554-3665702F3609}.Debug|x86.Build.0 = Debug|Win32
		{DFC7AD75-E109-4A99-B554-3665702F3609}.Release|x64.ActiveCfg = Release|x64
		{DFC7AD75-E109-4A99-B554-3665702F3609}.Release|x64.Build.0 = Release|x64
		{DFC7AD75-E109-4A99-B554-3665702F3609}.Release|x86.ActiveCfg = Release|Win32
		{DFC7AD75-E109-4A99-B554-3665702F3609}.Release|x86.Build.0 = Release|Win32
		{40167E9C-C64D-4A68-B814-795611F8ED2D}.Debug|x64.ActiveCfg = Debug|x64
		{40167E9C-C64D-4A68-B814-795611F8ED2D}.Debug|x64.Build.0 = Debug|x64
		{40167E9C-C64D-4A68-B814-795611F8ED2D}.Debug|x86.ActiveCfg = Debug|Win32
		{40167E9C-C64D-4A68-B814-795611F8ED2D}.Debug|x86.Build.0 = Debug|Win32
		{40167E9C-C64D-4A68-B814-795611F8ED2D}.Release|x64.ActiveCfg = Release|x64
		{40167E9C-C64D-4A68-B814-795611F8ED2D}.Release|x64.Build.0 = Release|x64
		{40167E9C-C64D-4A68-B814-795611F8ED2D}.Release|x86.ActiveCfg = Release|Win32
		{40167E9C-C64D-4A68-B814-795611F8ED2D}.Release|x86.Build.0 = Release|Win32
	EndGlobalSection
	GlobalSection(SolutionProperties) = preSolution
		HideSolutionNode = FALSE
	EndGlobalSection
	GlobalSection(NestedProjects) = preSolution
		{DFC7AD75-E109-4A99-B554-3665702F3609} = {058486DA-7B73-4522-B13F-EA0D14F8ED95}
		{40167E9C-C64D-4A68-B814-795611F8ED2D} = {7B6AC3D3-F6F5-48A9-97A5-14D16C110301}
	EndGlobalSection
EndGlobal
